
Microsoft Visual Studio Solution File, Format Version 12.00
# Visual Studio Version 16
VisualStudioVersion = 16.0.30804.86
MinimumVisualStudioVersion = 10.0.40219.1
Project("{8BC9CEB8-8B4A-11D0-8D11-00A0C91BC942}") = "Haffman", "Haffman.vcxproj", "{16053C89-4DAC-49E8-A3F1-F5C492C8AE47}"
EndProject
Project("{8BC9CEB8-8B4A-11D0-8D11-00A0C91BC942}") = "HuffmanTest", "..\HuffmanTest\HuffmanTest.vcxproj", "{180C9AAC-74E4-447B-BD9D-B17DC11C0A94}"
EndProject
Global
	GlobalSection(SolutionConfigurationPlatforms) = preSolution
		Debug|x64 = Debug|x64
		Debug|x86 = Debug|x86
		Release|x64 = Release|x64
		Release|x86 = Release|x86
	EndGlobalSection
	GlobalSection(ProjectConfigurationPlatforms) = postSolution
		{16053C89-4DAC-49E8-A3F1-F5C492C8AE47}.Debug|x64.ActiveCfg = Debug|x64
		{16053C89-4DAC-49E8-A3F1-F5C492C8AE47}.Debug|x64.Build.0 = Debug|x64
		{16053C89-4DAC-49E8-A3F1-F5C492C8AE47}.Debug|x86.ActiveCfg = Debug|Win32
		{16053C89-4DAC-49E8-A3F1-F5C492C8AE47}.Debug|x86.Build.0 = Debug|Win32
		{16053C89-4DAC-49E8-A3F1-F5C492C8AE47}.Release|x64.ActiveCfg = Release|x64
		{16053C89-4DAC-49E8-A3F1-F5C492C8AE47}.Release|x64.Build.0 = Release|x64
		{16053C89-4DAC-49E8-A3F1-F5C492C8AE47}.Release|x86.ActiveCfg = Release|Win32
		{16053C89-4DAC-49E8-A3F1-F5C492C8AE47}.Release|x86.Build.0 = Release|Win32
		{180C9AAC-74E4-447B-BD9D-B17DC11C0A94}.Debug|x64.ActiveCfg = Debug|x64
		{180C9AAC-74E4-447B-BD9D-B17DC11C0A94}.Debug|x64.Build.0 = Debug|x64
		{180C9AAC-74E4-447B-BD9D-B17DC11C0A94}.Debug|x86.ActiveCfg = Debug|Win32
		{180C9AAC-74E4-447B-BD9D-B17DC11C0A94}.Debug|x86.Build.0 = Debug|Win32
		{180C9AAC-74E4-447B-BD9D-B17DC11C0A94}.Release|x64.ActiveCfg = Release|x64
		{180C9AAC-74E4-447B-BD9D-B17DC11C0A94}.Release|x64.Build.0 = Release|x64
		{180C9AAC-74E4-447B-BD9D-B17DC11C0A94}.Release|x86.ActiveCfg = Release|Win32
		{180C9AAC-74E4-447B-BD9D-B17DC11C0A94}.Release|x86.Build.0 = Release|Win32
	EndGlobalSection
	GlobalSection(SolutionProperties) = preSolution
		HideSolutionNode = FALSE
	EndGlobalSection
	GlobalSection(ExtensibilityGlobals) = postSolution
		SolutionGuid = {252061B9-624B-4295-8CF9-1056C6AA77B2}
	EndGlobalSection
EndGlobal
